// !$*UTF8*$!
{
	archiveVersion = 1;
	classes = {
	};
	objectVersion = 55;
	objects = {

/* Begin PBXBuildFile section */
		C959CAE028199D660007A27D /* AppDelegate.swift in Sources */ = {isa = PBXBuildFile; fileRef = C959CADF28199D660007A27D /* AppDelegate.swift */; };
		C959CAE228199D660007A27D /* SceneDelegate.swift in Sources */ = {isa = PBXBuildFile; fileRef = C959CAE128199D660007A27D /* SceneDelegate.swift */; };
		C959CAE728199D660007A27D /* Main.storyboard in Resources */ = {isa = PBXBuildFile; fileRef = C959CAE528199D660007A27D /* Main.storyboard */; };
		C959CAE928199D6A0007A27D /* Assets.xcassets in Resources */ = {isa = PBXBuildFile; fileRef = C959CAE828199D6A0007A27D /* Assets.xcassets */; };
		C959CAEC28199D6A0007A27D /* LaunchScreen.storyboard in Resources */ = {isa = PBXBuildFile; fileRef = C959CAEA28199D6A0007A27D /* LaunchScreen.storyboard */; };
		C959CAF42821268A0007A27D /* SignUpViewController.swift in Sources */ = {isa = PBXBuildFile; fileRef = C959CAF32821268A0007A27D /* SignUpViewController.swift */; };
		C959CAF6282126990007A27D /* LogInViewController.swift in Sources */ = {isa = PBXBuildFile; fileRef = C959CAF5282126990007A27D /* LogInViewController.swift */; };
		C959CAF8282126D10007A27D /* CalendarCollectionViewController.swift in Sources */ = {isa = PBXBuildFile; fileRef = C959CAF7282126D10007A27D /* CalendarCollectionViewController.swift */; };
		C959CAFB282153330007A27D /* LogInSignUpViewController.swift in Sources */ = {isa = PBXBuildFile; fileRef = C959CAFA282153330007A27D /* LogInSignUpViewController.swift */; };
		C959CAFD282157C50007A27D /* GoogleService-Info.plist in Resources */ = {isa = PBXBuildFile; fileRef = C959CAFC282157C50007A27D /* GoogleService-Info.plist */; };
		C959CB0028215B470007A27D /* FirebaseAuth in Frameworks */ = {isa = PBXBuildFile; productRef = C959CAFF28215B470007A27D /* FirebaseAuth */; };
		C959CB0228215B480007A27D /* FirebaseFirestore in Frameworks */ = {isa = PBXBuildFile; productRef = C959CB0128215B480007A27D /* FirebaseFirestore */; };
		C959CB0428215B480007A27D /* FirebaseFirestoreSwift-Beta in Frameworks */ = {isa = PBXBuildFile; productRef = C959CB0328215B480007A27D /* FirebaseFirestoreSwift-Beta */; };
		C959CB08282255FC0007A27D /* DisplayMessageViewController.swift in Sources */ = {isa = PBXBuildFile; fileRef = C959CB07282255FC0007A27D /* DisplayMessageViewController.swift */; };
/* End PBXBuildFile section */

/* Begin PBXFileReference section */
		C959CADC28199D660007A27D /* SIGMA.app */ = {isa = PBXFileReference; explicitFileType = wrapper.application; includeInIndex = 0; path = SIGMA.app; sourceTree = BUILT_PRODUCTS_DIR; };
		C959CADF28199D660007A27D /* AppDelegate.swift */ = {isa = PBXFileReference; lastKnownFileType = sourcecode.swift; path = AppDelegate.swift; sourceTree = "<group>"; };
		C959CAE128199D660007A27D /* SceneDelegate.swift */ = {isa = PBXFileReference; lastKnownFileType = sourcecode.swift; path = SceneDelegate.swift; sourceTree = "<group>"; };
		C959CAE628199D660007A27D /* Base */ = {isa = PBXFileReference; lastKnownFileType = file.storyboard; name = Base; path = Base.lproj/Main.storyboard; sourceTree = "<group>"; };
		C959CAE828199D6A0007A27D /* Assets.xcassets */ = {isa = PBXFileReference; lastKnownFileType = folder.assetcatalog; path = Assets.xcassets; sourceTree = "<group>"; };
		C959CAEB28199D6A0007A27D /* Base */ = {isa = PBXFileReference; lastKnownFileType = file.storyboard; name = Base; path = Base.lproj/LaunchScreen.storyboard; sourceTree = "<group>"; };
		C959CAED28199D6A0007A27D /* Info.plist */ = {isa = PBXFileReference; lastKnownFileType = text.plist.xml; path = Info.plist; sourceTree = "<group>"; };
		C959CAF32821268A0007A27D /* SignUpViewController.swift */ = {isa = PBXFileReference; lastKnownFileType = sourcecode.swift; path = SignUpViewController.swift; sourceTree = "<group>"; };
		C959CAF5282126990007A27D /* LogInViewController.swift */ = {isa = PBXFileReference; lastKnownFileType = sourcecode.swift; path = LogInViewController.swift; sourceTree = "<group>"; };
		C959CAF7282126D10007A27D /* CalendarCollectionViewController.swift */ = {isa = PBXFileReference; lastKnownFileType = sourcecode.swift; path = CalendarCollectionViewController.swift; sourceTree = "<group>"; };
		C959CAFA282153330007A27D /* LogInSignUpViewController.swift */ = {isa = PBXFileReference; lastKnownFileType = sourcecode.swift; path = LogInSignUpViewController.swift; sourceTree = "<group>"; };
		C959CAFC282157C50007A27D /* GoogleService-Info.plist */ = {isa = PBXFileReference; fileEncoding = 4; lastKnownFileType = text.plist.xml; path = "GoogleService-Info.plist"; sourceTree = "<group>"; };
		C959CB07282255FC0007A27D /* DisplayMessageViewController.swift */ = {isa = PBXFileReference; lastKnownFileType = sourcecode.swift; path = DisplayMessageViewController.swift; sourceTree = "<group>"; };
/* End PBXFileReference section */

/* Begin PBXFrameworksBuildPhase section */
		C959CAD928199D660007A27D /* Frameworks */ = {
			isa = PBXFrameworksBuildPhase;
			buildActionMask = 2147483647;
			files = (
				C959CB0428215B480007A27D /* FirebaseFirestoreSwift-Beta in Frameworks */,
				C959CB0028215B470007A27D /* FirebaseAuth in Frameworks */,
				C959CB0228215B480007A27D /* FirebaseFirestore in Frameworks */,
			);
			runOnlyForDeploymentPostprocessing = 0;
		};
/* End PBXFrameworksBuildPhase section */

/* Begin PBXGroup section */
		C959CAD328199D660007A27D = {
			isa = PBXGroup;
			children = (
				C959CADE28199D660007A27D /* SIGMA */,
				C959CADD28199D660007A27D /* Products */,
			);
			sourceTree = "<group>";
		};
		C959CADD28199D660007A27D /* Products */ = {
			isa = PBXGroup;
			children = (
				C959CADC28199D660007A27D /* SIGMA.app */,
			);
			name = Products;
			sourceTree = "<group>";
		};
		C959CADE28199D660007A27D /* SIGMA */ = {
			isa = PBXGroup;
			children = (
				C959CAF9282126D50007A27D /* ViewControllers */,
				C959CADF28199D660007A27D /* AppDelegate.swift */,
				C959CAE128199D660007A27D /* SceneDelegate.swift */,
				C959CAE528199D660007A27D /* Main.storyboard */,
				C959CAE828199D6A0007A27D /* Assets.xcassets */,
				C959CAEA28199D6A0007A27D /* LaunchScreen.storyboard */,
				C959CAED28199D6A0007A27D /* Info.plist */,
				C959CAFC282157C50007A27D /* GoogleService-Info.plist */,
			);
			path = SIGMA;
			sourceTree = "<group>";
		};
		C959CAF9282126D50007A27D /* ViewControllers */ = {
			isa = PBXGroup;
			children = (
				C959CAF32821268A0007A27D /* SignUpViewController.swift */,
				C959CAF5282126990007A27D /* LogInViewController.swift */,
				C959CAF7282126D10007A27D /* CalendarCollectionViewController.swift */,
				C959CAFA282153330007A27D /* LogInSignUpViewController.swift */,
				C959CB07282255FC0007A27D /* DisplayMessageViewController.swift */,
			);
			path = ViewControllers;
			sourceTree = "<group>";
		};
/* End PBXGroup section */

/* Begin PBXNativeTarget section */
		C959CADB28199D660007A27D /* SIGMA */ = {
			isa = PBXNativeTarget;
			buildConfigurationList = C959CAF028199D6A0007A27D /* Build configuration list for PBXNativeTarget "SIGMA" */;
			buildPhases = (
				C959CAD828199D660007A27D /* Sources */,
				C959CAD928199D660007A27D /* Frameworks */,
				C959CADA28199D660007A27D /* Resources */,
			);
			buildRules = (
			);
			dependencies = (
			);
			name = SIGMA;
			packageProductDependencies = (
				C959CAFF28215B470007A27D /* FirebaseAuth */,
				C959CB0128215B480007A27D /* FirebaseFirestore */,
				C959CB0328215B480007A27D /* FirebaseFirestoreSwift-Beta */,
			);
			productName = SIGMA;
			productReference = C959CADC28199D660007A27D /* SIGMA.app */;
			productType = "com.apple.product-type.application";
		};
/* End PBXNativeTarget section */

/* Begin PBXProject section */
		C959CAD428199D660007A27D /* Project object */ = {
			isa = PBXProject;
			attributes = {
				BuildIndependentTargetsInParallel = 1;
				LastSwiftUpdateCheck = 1330;
				LastUpgradeCheck = 1330;
				TargetAttributes = {
					C959CADB28199D660007A27D = {
						CreatedOnToolsVersion = 13.3;
					};
				};
			};
			buildConfigurationList = C959CAD728199D660007A27D /* Build configuration list for PBXProject "SIGMA" */;
			compatibilityVersion = "Xcode 13.0";
			developmentRegion = en;
			hasScannedForEncodings = 0;
			knownRegions = (
				en,
				Base,
			);
			mainGroup = C959CAD328199D660007A27D;
			packageReferences = (
				C959CAFE28215B470007A27D /* XCRemoteSwiftPackageReference "firebase-ios-sdk" */,
			);
			productRefGroup = C959CADD28199D660007A27D /* Products */;
			projectDirPath = "";
			projectRoot = "";
			targets = (
				C959CADB28199D660007A27D /* SIGMA */,
			);
		};
/* End PBXProject section */

/* Begin PBXResourcesBuildPhase section */
		C959CADA28199D660007A27D /* Resources */ = {
			isa = PBXResourcesBuildPhase;
			buildActionMask = 2147483647;
			files = (
				C959CAEC28199D6A0007A27D /* LaunchScreen.storyboard in Resources */,
				C959CAE928199D6A0007A27D /* Assets.xcassets in Resources */,
				C959CAFD282157C50007A27D /* GoogleService-Info.plist in Resources */,
				C959CAE728199D660007A27D /* Main.storyboard in Resources */,
			);
			runOnlyForDeploymentPostprocessing = 0;
		};
/* End PBXResourcesBuildPhase section */

/* Begin PBXSourcesBuildPhase section */
		C959CAD828199D660007A27D /* Sources */ = {
			isa = PBXSourcesBuildPhase;
			buildActionMask = 2147483647;
			files = (
				C959CAF6282126990007A27D /* LogInViewController.swift in Sources */,
				C959CAF42821268A0007A27D /* SignUpViewController.swift in Sources */,
				C959CAFB282153330007A27D /* LogInSignUpViewController.swift in Sources */,
				C959CAF8282126D10007A27D /* CalendarCollectionViewController.swift in Sources */,
				C959CAE028199D660007A27D /* AppDelegate.swift in Sources */,
				C959CAE228199D660007A27D /* SceneDelegate.swift in Sources */,
				C959CB08282255FC0007A27D /* DisplayMessageViewController.swift in Sources */,
			);
			runOnlyForDeploymentPostprocessing = 0;
		};
/* End PBXSourcesBuildPhase section */

/* Begin PBXVariantGroup section */
		C959CAE528199D660007A27D /* Main.storyboard */ = {
			isa = PBXVariantGroup;
			children = (
				C959CAE628199D660007A27D /* Base */,
			);
			name = Main.storyboard;
			sourceTree = "<group>";
		};
		C959CAEA28199D6A0007A27D /* LaunchScreen.storyboard */ = {
			isa = PBXVariantGroup;
			children = (
				C959CAEB28199D6A0007A27D /* Base */,
			);
			name = LaunchScreen.storyboard;
			sourceTree = "<group>";
		};
/* End PBXVariantGroup section */

/* Begin XCBuildConfiguration section */
		C959CAEE28199D6A0007A27D /* Debug */ = {
			isa = XCBuildConfiguration;
			buildSettings = {
				ALWAYS_SEARCH_USER_PATHS = NO;
				CLANG_ANALYZER_NONNULL = YES;
				CLANG_ANALYZER_NUMBER_OBJECT_CONVERSION = YES_AGGRESSIVE;
				CLANG_CXX_LANGUAGE_STANDARD = "gnu++17";
				CLANG_ENABLE_MODULES = YES;
				CLANG_ENABLE_OBJC_ARC = YES;
				CLANG_ENABLE_OBJC_WEAK = YES;
				CLANG_WARN_BLOCK_CAPTURE_AUTORELEASING = YES;
				CLANG_WARN_BOOL_CONVERSION = YES;
				CLANG_WARN_COMMA = YES;
				CLANG_WARN_CONSTANT_CONVERSION = YES;
				CLANG_WARN_DEPRECATED_OBJC_IMPLEMENTATIONS = YES;
				CLANG_WARN_DIRECT_OBJC_ISA_USAGE = YES_ERROR;
				CLANG_WARN_DOCUMENTATION_COMMENTS = YES;
				CLANG_WARN_EMPTY_BODY = YES;
				CLANG_WARN_ENUM_CONVERSION = YES;
				CLANG_WARN_INFINITE_RECURSION = YES;
				CLANG_WARN_INT_CONVERSION = YES;
				CLANG_WARN_NON_LITERAL_NULL_CONVERSION = YES;
				CLANG_WARN_OBJC_IMPLICIT_RETAIN_SELF = YES;
				CLANG_WARN_OBJC_LITERAL_CONVERSION = YES;
				CLANG_WARN_OBJC_ROOT_CLASS = YES_ERROR;
				CLANG_WARN_QUOTED_INCLUDE_IN_FRAMEWORK_HEADER = YES;
				CLANG_WARN_RANGE_LOOP_ANALYSIS = YES;
				CLANG_WARN_STRICT_PROTOTYPES = YES;
				CLANG_WARN_SUSPICIOUS_MOVE = YES;
				CLANG_WARN_UNGUARDED_AVAILABILITY = YES_AGGRESSIVE;
				CLANG_WARN_UNREACHABLE_CODE = YES;
				CLANG_WARN__DUPLICATE_METHOD_MATCH = YES;
				COPY_PHASE_STRIP = NO;
				DEBUG_INFORMATION_FORMAT = dwarf;
				ENABLE_STRICT_OBJC_MSGSEND = YES;
				ENABLE_TESTABILITY = YES;
				GCC_C_LANGUAGE_STANDARD = gnu11;
				GCC_DYNAMIC_NO_PIC = NO;
				GCC_NO_COMMON_BLOCKS = YES;
				GCC_OPTIMIZATION_LEVEL = 0;
				GCC_PREPROCESSOR_DEFINITIONS = (
					"DEBUG=1",
					"$(inherited)",
				);
				GCC_WARN_64_TO_32_BIT_CONVERSION = YES;
				GCC_WARN_ABOUT_RETURN_TYPE = YES_ERROR;
				GCC_WARN_UNDECLARED_SELECTOR = YES;
				GCC_WARN_UNINITIALIZED_AUTOS = YES_AGGRESSIVE;
				GCC_WARN_UNUSED_FUNCTION = YES;
				GCC_WARN_UNUSED_VARIABLE = YES;
				IPHONEOS_DEPLOYMENT_TARGET = 15.4;
				MTL_ENABLE_DEBUG_INFO = INCLUDE_SOURCE;
				MTL_FAST_MATH = YES;
				ONLY_ACTIVE_ARCH = YES;
				SDKROOT = iphoneos;
				SWIFT_ACTIVE_COMPILATION_CONDITIONS = DEBUG;
				SWIFT_OPTIMIZATION_LEVEL = "-Onone";
			};
			name = Debug;
		};
		C959CAEF28199D6A0007A27D /* Release */ = {
			isa = XCBuildConfiguration;
			buildSettings = {
				ALWAYS_SEARCH_USER_PATHS = NO;
				CLANG_ANALYZER_NONNULL = YES;
				CLANG_ANALYZER_NUMBER_OBJECT_CONVERSION = YES_AGGRESSIVE;
				CLANG_CXX_LANGUAGE_STANDARD = "gnu++17";
				CLANG_ENABLE_MODULES = YES;
				CLANG_ENABLE_OBJC_ARC = YES;
				CLANG_ENABLE_OBJC_WEAK = YES;
				CLANG_WARN_BLOCK_CAPTURE_AUTORELEASING = YES;
				CLANG_WARN_BOOL_CONVERSION = YES;
				CLANG_WARN_COMMA = YES;
				CLANG_WARN_CONSTANT_CONVERSION = YES;
				CLANG_WARN_DEPRECATED_OBJC_IMPLEMENTATIONS = YES;
				CLANG_WARN_DIRECT_OBJC_ISA_USAGE = YES_ERROR;
				CLANG_WARN_DOCUMENTATION_COMMENTS = YES;
				CLANG_WARN_EMPTY_BODY = YES;
				CLANG_WARN_ENUM_CONVERSION = YES;
				CLANG_WARN_INFINITE_RECURSION = YES;
				CLANG_WARN_INT_CONVERSION = YES;
				CLANG_WARN_NON_LITERAL_NULL_CONVERSION = YES;
				CLANG_WARN_OBJC_IMPLICIT_RETAIN_SELF = YES;
				CLANG_WARN_OBJC_LITERAL_CONVERSION = YES;
				CLANG_WARN_OBJC_ROOT_CLASS = YES_ERROR;
				CLANG_WARN_QUOTED_INCLUDE_IN_FRAMEWORK_HEADER = YES;
				CLANG_WARN_RANGE_LOOP_ANALYSIS = YES;
				CLANG_WARN_STRICT_PROTOTYPES = YES;
				CLANG_WARN_SUSPICIOUS_MOVE = YES;
				CLANG_WARN_UNGUARDED_AVAILABILITY = YES_AGGRESSIVE;
				CLANG_WARN_UNREACHABLE_CODE = YES;
				CLANG_WARN__DUPLICATE_METHOD_MATCH = YES;
				COPY_PHASE_STRIP = NO;
				DEBUG_INFORMATION_FORMAT = "dwarf-with-dsym";
				ENABLE_NS_ASSERTIONS = NO;
				ENABLE_STRICT_OBJC_MSGSEND = YES;
				GCC_C_LANGUAGE_STANDARD = gnu11;
				GCC_NO_COMMON_BLOCKS = YES;
				GCC_WARN_64_TO_32_BIT_CONVERSION = YES;
				GCC_WARN_ABOUT_RETURN_TYPE = YES_ERROR;
				GCC_WARN_UNDECLARED_SELECTOR = YES;
				GCC_WARN_UNINITIALIZED_AUTOS = YES_AGGRESSIVE;
				GCC_WARN_UNUSED_FUNCTION = YES;
				GCC_WARN_UNUSED_VARIABLE = YES;
				IPHONEOS_DEPLOYMENT_TARGET = 15.4;
				MTL_ENABLE_DEBUG_INFO = NO;
				MTL_FAST_MATH = YES;
				SDKROOT = iphoneos;
				SWIFT_COMPILATION_MODE = wholemodule;
				SWIFT_OPTIMIZATION_LEVEL = "-O";
				VALIDATE_PRODUCT = YES;
			};
			name = Release;
		};
		C959CAF128199D6A0007A27D /* Debug */ = {
			isa = XCBuildConfiguration;
			buildSettings = {
				ASSETCATALOG_COMPILER_APPICON_NAME = AppIcon;
				ASSETCATALOG_COMPILER_GLOBAL_ACCENT_COLOR_NAME = AccentColor;
				CODE_SIGN_STYLE = Automatic;
				CURRENT_PROJECT_VERSION = 1;
				GENERATE_INFOPLIST_FILE = YES;
				INFOPLIST_FILE = SIGMA/Info.plist;
				INFOPLIST_KEY_UIApplicationSupportsIndirectInputEvents = YES;
				INFOPLIST_KEY_UILaunchStoryboardName = LaunchScreen;
				INFOPLIST_KEY_UIMainStoryboardFile = Main;
				INFOPLIST_KEY_UISupportedInterfaceOrientations_iPad = "UIInterfaceOrientationPortrait UIInterfaceOrientationPortraitUpsideDown UIInterfaceOrientationLandscapeLeft UIInterfaceOrientationLandscapeRight";
				INFOPLIST_KEY_UISupportedInterfaceOrientations_iPhone = "UIInterfaceOrientationPortrait UIInterfaceOrientationLandscapeLeft UIInterfaceOrientationLandscapeRight";
				LD_RUNPATH_SEARCH_PATHS = (
					"$(inherited)",
					"@executable_path/Frameworks",
				);
				MARKETING_VERSION = 1.0;
				PRODUCT_BUNDLE_IDENTIFIER = edu.monash.SIGMA;
				PRODUCT_NAME = "$(TARGET_NAME)";
				SWIFT_EMIT_LOC_STRINGS = YES;
				SWIFT_VERSION = 5.0;
				TARGETED_DEVICE_FAMILY = "1,2";
			};
			name = Debug;
		};
		C959CAF228199D6A0007A27D /* Release */ = {
			isa = XCBuildConfiguration;
			buildSettings = {
				ASSETCATALOG_COMPILER_APPICON_NAME = AppIcon;
				ASSETCATALOG_COMPILER_GLOBAL_ACCENT_COLOR_NAME = AccentColor;
				CODE_SIGN_STYLE = Automatic;
				CURRENT_PROJECT_VERSION = 1;
				GENERATE_INFOPLIST_FILE = YES;
				INFOPLIST_FILE = SIGMA/Info.plist;
				INFOPLIST_KEY_UIApplicationSupportsIndirectInputEvents = YES;
				INFOPLIST_KEY_UILaunchStoryboardName = LaunchScreen;
				INFOPLIST_KEY_UIMainStoryboardFile = Main;
				INFOPLIST_KEY_UISupportedInterfaceOrientations_iPad = "UIInterfaceOrientationPortrait UIInterfaceOrientationPortraitUpsideDown UIInterfaceOrientationLandscapeLeft UIInterfaceOrientationLandscapeRight";
				INFOPLIST_KEY_UISupportedInterfaceOrientations_iPhone = "UIInterfaceOrientationPortrait UIInterfaceOrientationLandscapeLeft UIInterfaceOrientationLandscapeRight";
				LD_RUNPATH_SEARCH_PATHS = (
					"$(inherited)",
					"@executable_path/Frameworks",
				);
				MARKETING_VERSION = 1.0;
				PRODUCT_BUNDLE_IDENTIFIER = edu.monash.SIGMA;
				PRODUCT_NAME = "$(TARGET_NAME)";
				SWIFT_EMIT_LOC_STRINGS = YES;
				SWIFT_VERSION = 5.0;
				TARGETED_DEVICE_FAMILY = "1,2";
			};
			name = Release;
		};
/* End XCBuildConfiguration section */

/* Begin XCConfigurationList section */
		C959CAD728199D660007A27D /* Build configuration list for PBXProject "SIGMA" */ = {
			isa = XCConfigurationList;
			buildConfigurations = (
				C959CAEE28199D6A0007A27D /* Debug */,
				C959CAEF28199D6A0007A27D /* Release */,
			);
			defaultConfigurationIsVisible = 0;
			defaultConfigurationName = Release;
		};
		C959CAF028199D6A0007A27D /* Build configuration list for PBXNativeTarget "SIGMA" */ = {
			isa = XCConfigurationList;
			buildConfigurations = (
				C959CAF128199D6A0007A27D /* Debug */,
				C959CAF228199D6A0007A27D /* Release */,
			);
			defaultConfigurationIsVisible = 0;
			defaultConfigurationName = Release;
		};
/* End XCConfigurationList section */

/* Begin XCRemoteSwiftPackageReference section */
		C959CAFE28215B470007A27D /* XCRemoteSwiftPackageReference "firebase-ios-sdk" */ = {
			isa = XCRemoteSwiftPackageReference;
			repositoryURL = "https://github.com/firebase/firebase-ios-sdk.git";
			requirement = {
				kind = upToNextMajorVersion;
				minimumVersion = 8.0.0;
			};
		};
/* End XCRemoteSwiftPackageReference section */

/* Begin XCSwiftPackageProductDependency section */
		C959CAFF28215B470007A27D /* FirebaseAuth */ = {
			isa = XCSwiftPackageProductDependency;
			package = C959CAFE28215B470007A27D /* XCRemoteSwiftPackageReference "firebase-ios-sdk" */;
			productName = FirebaseAuth;
		};
		C959CB0128215B480007A27D /* FirebaseFirestore */ = {
			isa = XCSwiftPackageProductDependency;
			package = C959CAFE28215B470007A27D /* XCRemoteSwiftPackageReference "firebase-ios-sdk" */;
			productName = FirebaseFirestore;
		};
		C959CB0328215B480007A27D /* FirebaseFirestoreSwift-Beta */ = {
			isa = XCSwiftPackageProductDependency;
			package = C959CAFE28215B470007A27D /* XCRemoteSwiftPackageReference "firebase-ios-sdk" */;
			productName = "FirebaseFirestoreSwift-Beta";
		};
/* End XCSwiftPackageProductDependency section */
	};
	rootObject = C959CAD428199D660007A27D /* Project object */;
}
